{
  "name": "maze-icv",
  "version": "1.0.0",
  "lockfileVersion": 1,
  "requires": true,
  "dependencies": {
    "@types/angular": {
      "version": "1.6.29",
      "resolved": "https://registry.npmjs.org/@types/angular/-/angular-1.6.29.tgz",
      "integrity": "sha512-kp9bkw8L4qZPYNAWKGA052T4gvmrYec2iA+IM7bu/kDrmtVTSTH2Ju+NQByEZBsF63yjX0E/SMyHye1PFmUg1g=="
    },
    "@types/angular-ui-router": {
      "version": "1.1.37",
      "resolved": "https://registry.npmjs.org/@types/angular-ui-router/-/angular-ui-router-1.1.37.tgz",
      "integrity": "sha512-R1b+TZvKTY1M/oagihheJfzLETjCy2VGGicUGYJXFaTE0Z8/ZJQx8MVMNcAzu9ab6ZUR94m1QUiiHVthZZ/f9w==",
      "requires": {
        "@types/angular": "1.6.29"
      }
    },
    "@types/jquery": {
      "version": "3.2.11",
      "resolved": "https://registry.npmjs.org/@types/jquery/-/jquery-3.2.11.tgz",
      "integrity": "sha512-Hu1JquYz58pcLLJU4AWvtvo0Yq5HbEHGGJV/XlTfJtePxbpT1mzfGr6FlH08wTi/ClR2yUb21/P/lgoH+LrRow=="
    },
    "@types/node": {
      "version": "8.0.24",
      "resolved": "https://registry.npmjs.org/@types/node/-/node-8.0.24.tgz",
      "integrity": "sha512-c3Npme+2JGqxW8+B+aXdN5SPIlCf1C8WxQC6Ea39rO/ASPosnMkWVR16mDJtRE+2dr2xwOQ7DiLxb+wO/TWuPg=="
    },
    "@uirouter/core": {
      "version": "5.0.3",
      "resolved": "https://registry.npmjs.org/@uirouter/core/-/core-5.0.3.tgz",
      "integrity": "sha1-4rWx5FGQ4gxnuk4VwBPeXU4MyrM="
    },
    "angular": {
      "version": "1.6.6",
      "resolved": "https://registry.npmjs.org/angular/-/angular-1.6.6.tgz",
      "integrity": "sha1-/Vo8+0N844LYVO4BEgeXl4Uny2Q="
    },
    "angular-bootstrap-colorpicker": {
      "version": "3.0.31",
      "resolved": "https://registry.npmjs.org/angular-bootstrap-colorpicker/-/angular-bootstrap-colorpicker-3.0.31.tgz",
      "integrity": "sha1-VMir7gU4CrH6rr7a7CIu7id+0L8="
    },
    "angular-ui-router": {
      "version": "1.0.3",
      "resolved": "https://registry.npmjs.org/angular-ui-router/-/angular-ui-router-1.0.3.tgz",
      "integrity": "sha1-vySUyq6Vw3zwGvN2HYl0fP7S20U=",
      "requires": {
        "@uirouter/core": "5.0.3"
      }
    },
    "javascript-astar": {
      "version": "0.4.1",
      "resolved": "https://registry.npmjs.org/javascript-astar/-/javascript-astar-0.4.1.tgz",
      "integrity": "sha1-5J3ZoVNcmphnUJH3JY5p2YOBFwM="
    },
    "jquery": {
      "version": "3.2.1",
      "resolved": "https://registry.npmjs.org/jquery/-/jquery-3.2.1.tgz",
      "integrity": "sha1-XE2d5lKvbNCncBVKYxu6ErAVx4c="
    },
    "typescript": {
      "version": "2.4.2",
      "resolved": "https://registry.npmjs.org/typescript/-/typescript-2.4.2.tgz",
      "integrity": "sha1-+DlfhdRZJ2BnyYiqQYN6j4KHCEQ="
    }
  }
}
